
Microsoft Visual Studio Solution File, Format Version 12.00
# Visual Studio Version 16
VisualStudioVersion = 16.0.30907.101
MinimumVisualStudioVersion = 10.0.40219.1
Project("{9A19103F-16F7-4668-BE54-9A1E7A4F7556}") = "OlimpiaIT.API", "OlimpiaIT.API\OlimpiaIT.API.csproj", "{D67B0BB7-E5EC-424C-854E-AF8D978077E9}"
EndProject
Project("{2150E333-8FDC-42A3-9474-1A3956D46DE8}") = "01 - Servicios", "01 - Servicios", "{1D0BF0F9-B5A4-4746-93E1-FF9749B21E91}"
EndProject
Project("{2150E333-8FDC-42A3-9474-1A3956D46DE8}") = "02 - Negocio", "02 - Negocio", "{BC869085-217A-4111-B693-1D57362B6474}"
EndProject
Project("{2150E333-8FDC-42A3-9474-1A3956D46DE8}") = "03 - Entidades", "03 - Entidades", "{FA95B6BF-9B1B-4997-9A5E-11EA15136FA2}"
EndProject
Project("{2150E333-8FDC-42A3-9474-1A3956D46DE8}") = "04 - Utilidades", "04 - Utilidades", "{04E7732C-9FF7-41DB-8F32-3F1225185B44}"
EndProject
Project("{2150E333-8FDC-42A3-9474-1A3956D46DE8}") = "05 - Pruebas", "05 - Pruebas", "{94B38C23-A766-4737-BBEF-00098CFBCB22}"
EndProject
Project("{9A19103F-16F7-4668-BE54-9A1E7A4F7556}") = "OlimpiaIT.Negocio", "OlimpiaIT.Negocio\OlimpiaIT.Negocio.csproj", "{F2BCB4E1-5E77-42C5-A2A8-5341BDA7EC3F}"
EndProject
Project("{9A19103F-16F7-4668-BE54-9A1E7A4F7556}") = "OlimpiaIT.Entidades", "OlimpiaIT.Entidades\OlimpiaIT.Entidades.csproj", "{37073009-21A6-4058-97C4-4E26C2547D32}"
EndProject
Project("{9A19103F-16F7-4668-BE54-9A1E7A4F7556}") = "OlimpiaIT.Utilidades", "OlimpiaIT.Utilidades\OlimpiaIT.Utilidades.csproj", "{236932F6-9EE7-46EB-8A0C-7833F5A06724}"
EndProject
Project("{9A19103F-16F7-4668-BE54-9A1E7A4F7556}") = "OlimpiaIT.Test", "OlimpiaIT.Test\OlimpiaIT.Test.csproj", "{DB6663AE-B84B-4B07-91DB-4B90E5B3275A}"
EndProject
Project("{2150E333-8FDC-42A3-9474-1A3956D46DE8}") = "02 - Punto 2", "02 - Punto 2", "{6305B7B0-4B05-4CCC-89DC-F9858D672614}"
EndProject
Project("{2150E333-8FDC-42A3-9474-1A3956D46DE8}") = "01 - Punto 1", "01 - Punto 1", "{9212ABFB-5D4C-4035-8D5F-43F56209A4BE}"
EndProject
Project("{FAE04EC0-301F-11D3-BF4B-00C04F79EFBC}") = "OlimpiaIT.Punto1", "OlimpiaIT.Punto1\OlimpiaIT.Punto1.csproj", "{246886ED-795F-4B49-9E16-F9D2A1C4653C}"
EndProject
Global
	GlobalSection(SolutionConfigurationPlatforms) = preSolution
		Debug|Any CPU = Debug|Any CPU
		Release|Any CPU = Release|Any CPU
	EndGlobalSection
	GlobalSection(ProjectConfigurationPlatforms) = postSolution
		{D67B0BB7-E5EC-424C-854E-AF8D978077E9}.Debug|Any CPU.ActiveCfg = Debug|Any CPU
		{D67B0BB7-E5EC-424C-854E-AF8D978077E9}.Debug|Any CPU.Build.0 = Debug|Any CPU
		{D67B0BB7-E5EC-424C-854E-AF8D978077E9}.Release|Any CPU.ActiveCfg = Release|Any CPU
		{D67B0BB7-E5EC-424C-854E-AF8D978077E9}.Release|Any CPU.Build.0 = Release|Any CPU
		{F2BCB4E1-5E77-42C5-A2A8-5341BDA7EC3F}.Debug|Any CPU.ActiveCfg = Debug|Any CPU
		{F2BCB4E1-5E77-42C5-A2A8-5341BDA7EC3F}.Debug|Any CPU.Build.0 = Debug|Any CPU
		{F2BCB4E1-5E77-42C5-A2A8-5341BDA7EC3F}.Release|Any CPU.ActiveCfg = Release|Any CPU
		{F2BCB4E1-5E77-42C5-A2A8-5341BDA7EC3F}.Release|Any CPU.Build.0 = Release|Any CPU
		{37073009-21A6-4058-97C4-4E26C2547D32}.Debug|Any CPU.ActiveCfg = Debug|Any CPU
		{37073009-21A6-4058-97C4-4E26C2547D32}.Debug|Any CPU.Build.0 = Debug|Any CPU
		{37073009-21A6-4058-97C4-4E26C2547D32}.Release|Any CPU.ActiveCfg = Release|Any CPU
		{37073009-21A6-4058-97C4-4E26C2547D32}.Release|Any CPU.Build.0 = Release|Any CPU
		{236932F6-9EE7-46EB-8A0C-7833F5A06724}.Debug|Any CPU.ActiveCfg = Debug|Any CPU
		{236932F6-9EE7-46EB-8A0C-7833F5A06724}.Debug|Any CPU.Build.0 = Debug|Any CPU
		{236932F6-9EE7-46EB-8A0C-7833F5A06724}.Release|Any CPU.ActiveCfg = Release|Any CPU
		{236932F6-9EE7-46EB-8A0C-7833F5A06724}.Release|Any CPU.Build.0 = Release|Any CPU
		{DB6663AE-B84B-4B07-91DB-4B90E5B3275A}.Debug|Any CPU.ActiveCfg = Debug|Any CPU
		{DB6663AE-B84B-4B07-91DB-4B90E5B3275A}.Debug|Any CPU.Build.0 = Debug|Any CPU
		{DB6663AE-B84B-4B07-91DB-4B90E5B3275A}.Release|Any CPU.ActiveCfg = Release|Any CPU
		{DB6663AE-B84B-4B07-91DB-4B90E5B3275A}.Release|Any CPU.Build.0 = Release|Any CPU
		{246886ED-795F-4B49-9E16-F9D2A1C4653C}.Debug|Any CPU.ActiveCfg = Debug|Any CPU
		{246886ED-795F-4B49-9E16-F9D2A1C4653C}.Debug|Any CPU.Build.0 = Debug|Any CPU
		{246886ED-795F-4B49-9E16-F9D2A1C4653C}.Release|Any CPU.ActiveCfg = Release|Any CPU
		{246886ED-795F-4B49-9E16-F9D2A1C4653C}.Release|Any CPU.Build.0 = Release|Any CPU
	EndGlobalSection
	GlobalSection(SolutionProperties) = preSolution
		HideSolutionNode = FALSE
	EndGlobalSection
	GlobalSection(NestedProjects) = preSolution
		{D67B0BB7-E5EC-424C-854E-AF8D978077E9} = {1D0BF0F9-B5A4-4746-93E1-FF9749B21E91}
		{1D0BF0F9-B5A4-4746-93E1-FF9749B21E91} = {6305B7B0-4B05-4CCC-89DC-F9858D672614}
		{BC869085-217A-4111-B693-1D57362B6474} = {6305B7B0-4B05-4CCC-89DC-F9858D672614}
		{FA95B6BF-9B1B-4997-9A5E-11EA15136FA2} = {6305B7B0-4B05-4CCC-89DC-F9858D672614}
		{04E7732C-9FF7-41DB-8F32-3F1225185B44} = {6305B7B0-4B05-4CCC-89DC-F9858D672614}
		{94B38C23-A766-4737-BBEF-00098CFBCB22} = {6305B7B0-4B05-4CCC-89DC-F9858D672614}
		{F2BCB4E1-5E77-42C5-A2A8-5341BDA7EC3F} = {BC869085-217A-4111-B693-1D57362B6474}
		{37073009-21A6-4058-97C4-4E26C2547D32} = {FA95B6BF-9B1B-4997-9A5E-11EA15136FA2}
		{236932F6-9EE7-46EB-8A0C-7833F5A06724} = {04E7732C-9FF7-41DB-8F32-3F1225185B44}
		{DB6663AE-B84B-4B07-91DB-4B90E5B3275A} = {94B38C23-A766-4737-BBEF-00098CFBCB22}
		{246886ED-795F-4B49-9E16-F9D2A1C4653C} = {9212ABFB-5D4C-4035-8D5F-43F56209A4BE}
	EndGlobalSection
	GlobalSection(ExtensibilityGlobals) = postSolution
		SolutionGuid = {3ED09940-5E06-46E8-88A7-9490957691BC}
	EndGlobalSection
EndGlobal
